# @generated by Move, please check-in and do not edit manually.

[move]
version = 3
manifest_digest = "CC97DDE5837906927C7EB3AC3C707110FBAC70B1AADB2CB9169EBE7B177F0496"
deps_digest = "F8BBB0CCB2491CA29A3DF03D6F92277A4F3574266507ACD77214D37ECA3F3082"
dependencies = [
  { id = "Sui", name = "Sui" },
]

[[move.package]]
id = "MoveStdlib"
source = { git = "https://github.com/MystenLabs/sui.git", rev = "framework/testnet", subdir = "crates/sui-framework/packages/move-stdlib" }

[[move.package]]
id = "Sui"
source = { git = "https://github.com/MystenLabs/sui.git", rev = "framework/testnet", subdir = "crates/sui-framework/packages/sui-framework" }

dependencies = [
  { id = "MoveStdlib", name = "MoveStdlib" },
]

[move.toolchain-version]
compiler-version = "1.53.1"
edition = "2024.beta"
flavor = "sui"

[env]

[env.localnet]
chain-id = "ff1fe83a"
original-published-id = "0x9e2d5a58fd2b0483abf1dc993936435ae082bdcce31f44f2edea8a6f54e6b711"
latest-published-id = "0x9e2d5a58fd2b0483abf1dc993936435ae082bdcce31f44f2edea8a6f54e6b711"
published-version = "1"

[env.testnet]
chain-id = "4c78adac"
original-published-id = "0x6291f7e06fd7804d300a6e4971147248b04f33f42d8d8bb4ec7e256c5fcbbe94"
latest-published-id = "0x6291f7e06fd7804d300a6e4971147248b04f33f42d8d8bb4ec7e256c5fcbbe94"
published-version = "1"
